
Microsoft Visual Studio Solution File, Format Version 12.00
# Visual Studio Version 16
VisualStudioVersion = 16.0.31205.134
MinimumVisualStudioVersion = 10.0.40219.1
Project("{FAE04EC0-301F-11D3-BF4B-00C04F79EFBC}") = "rpass", "rpass.csproj", "{5BE62759-1E67-412B-8DF3-A8B447A5176E}"
EndProject
Global
	GlobalSection(SolutionConfigurationPlatforms) = preSolution
		Debug|Any CPU = Debug|Any CPU
		Release|Any CPU = Release|Any CPU
	EndGlobalSection
	GlobalSection(ProjectConfigurationPlatforms) = postSolution
		{5BE62759-1E67-412B-8DF3-A8B447A5176E}.Debug|Any CPU.ActiveCfg = Debug|Any CPU
		{5BE62759-1E67-412B-8DF3-A8B447A5176E}.Debug|Any CPU.Build.0 = Debug|Any CPU
		{5BE62759-1E67-412B-8DF3-A8B447A5176E}.Release|Any CPU.ActiveCfg = Release|Any CPU
		{5BE62759-1E67-412B-8DF3-A8B447A5176E}.Release|Any CPU.Build.0 = Release|Any CPU
	EndGlobalSection
	GlobalSection(SolutionProperties) = preSolution
		HideSolutionNode = FALSE
	EndGlobalSection
	GlobalSection(ExtensibilityGlobals) = postSolution
		SolutionGuid = {724AF9F1-4714-4510-80FE-CD6E4C0CE046}
	EndGlobalSection
EndGlobal
